
Microsoft Visual Studio Solution File, Format Version 12.00
# Visual Studio Version 16
VisualStudioVersion = 25.0.1700.0
MinimumVisualStudioVersion = 10.0.40219.1
Project("{FAE04EC0-301F-11D3-BF4B-00C04F79EFBC}") = "Lab", "Lab\Lab.csproj", "{19568885-B09C-4140-9513-8CB0D6A28AAE}"
EndProject
Project("{FAE04EC0-301F-11D3-BF4B-00C04F79EFBC}") = "CarsStore.Core", "CarsStore.Core\CarsStore.Core.csproj", "{D2555131-3DEB-4D8B-BD07-5005D4E4A25B}"
EndProject
Global
	GlobalSection(SolutionConfigurationPlatforms) = preSolution
		Debug|Any CPU = Debug|Any CPU
		Release|Any CPU = Release|Any CPU
	EndGlobalSection
	GlobalSection(ProjectConfigurationPlatforms) = postSolution
		{19568885-B09C-4140-9513-8CB0D6A28AAE}.Debug|Any CPU.ActiveCfg = Debug|Any CPU
		{19568885-B09C-4140-9513-8CB0D6A28AAE}.Debug|Any CPU.Build.0 = Debug|Any CPU
		{19568885-B09C-4140-9513-8CB0D6A28AAE}.Release|Any CPU.ActiveCfg = Release|Any CPU
		{19568885-B09C-4140-9513-8CB0D6A28AAE}.Release|Any CPU.Build.0 = Release|Any CPU
		{D2555131-3DEB-4D8B-BD07-5005D4E4A25B}.Debug|Any CPU.ActiveCfg = Debug|Any CPU
		{D2555131-3DEB-4D8B-BD07-5005D4E4A25B}.Debug|Any CPU.Build.0 = Debug|Any CPU
		{D2555131-3DEB-4D8B-BD07-5005D4E4A25B}.Release|Any CPU.ActiveCfg = Release|Any CPU
		{D2555131-3DEB-4D8B-BD07-5005D4E4A25B}.Release|Any CPU.Build.0 = Release|Any CPU
	EndGlobalSection
	GlobalSection(SolutionProperties) = preSolution
		HideSolutionNode = FALSE
	EndGlobalSection
	GlobalSection(ExtensibilityGlobals) = postSolution
		SolutionGuid = {518B77EC-9106-4A58-A4D8-A6D58EB5E06C}
	EndGlobalSection
EndGlobal
